// !$*UTF8*$!
{
	archiveVersion = 1;
	classes = {
	};
	objectVersion = 55;
	objects = {

/* Begin PBXBuildFile section */
		7A194FBF288049F800A5BF77 /* ThreeViewController.swift in Sources */ = {isa = PBXBuildFile; fileRef = 7A194FBE288049F800A5BF77 /* ThreeViewController.swift */; };
		7A194FC328804C4C00A5BF77 /* 1.jpeg in Resources */ = {isa = PBXBuildFile; fileRef = 7A194FC028804C4C00A5BF77 /* 1.jpeg */; };
		7A194FC428804C4C00A5BF77 /* 3.jpeg in Resources */ = {isa = PBXBuildFile; fileRef = 7A194FC128804C4C00A5BF77 /* 3.jpeg */; };
		7A194FC528804C4C00A5BF77 /* 2.jpeg in Resources */ = {isa = PBXBuildFile; fileRef = 7A194FC228804C4C00A5BF77 /* 2.jpeg */; };
		7A6D2FCC287ECB3300D0F155 /* AppDelegate.swift in Sources */ = {isa = PBXBuildFile; fileRef = 7A6D2FCB287ECB3300D0F155 /* AppDelegate.swift */; };
		7A6D2FCE287ECB3400D0F155 /* SceneDelegate.swift in Sources */ = {isa = PBXBuildFile; fileRef = 7A6D2FCD287ECB3400D0F155 /* SceneDelegate.swift */; };
		7A6D2FD0287ECB3400D0F155 /* ViewController.swift in Sources */ = {isa = PBXBuildFile; fileRef = 7A6D2FCF287ECB3400D0F155 /* ViewController.swift */; };
		7A6D2FD3287ECB3400D0F155 /* Main.storyboard in Resources */ = {isa = PBXBuildFile; fileRef = 7A6D2FD1287ECB3400D0F155 /* Main.storyboard */; };
		7A6D2FD5287ECB3500D0F155 /* Assets.xcassets in Resources */ = {isa = PBXBuildFile; fileRef = 7A6D2FD4287ECB3500D0F155 /* Assets.xcassets */; };
		7A6D2FD8287ECB3500D0F155 /* LaunchScreen.storyboard in Resources */ = {isa = PBXBuildFile; fileRef = 7A6D2FD6287ECB3500D0F155 /* LaunchScreen.storyboard */; };
		7A6D2FE0287EE2CB00D0F155 /* SecondViewController.swift in Sources */ = {isa = PBXBuildFile; fileRef = 7A6D2FDF287EE2CB00D0F155 /* SecondViewController.swift */; };
		7A6D2FE4287F1A5700D0F155 /* gayazov.mp3 in Resources */ = {isa = PBXBuildFile; fileRef = 7A6D2FE3287F1A5700D0F155 /* gayazov.mp3 */; };
		7A94581F28814F470058CEFF /* FourViewController.swift in Sources */ = {isa = PBXBuildFile; fileRef = 7A94581E28814F470058CEFF /* FourViewController.swift */; };
		7A94582228818AA30058CEFF /* FiveViewController.swift in Sources */ = {isa = PBXBuildFile; fileRef = 7A94582128818AA30058CEFF /* FiveViewController.swift */; };
/* End PBXBuildFile section */

/* Begin PBXFileReference section */
		7A194FBE288049F800A5BF77 /* ThreeViewController.swift */ = {isa = PBXFileReference; lastKnownFileType = sourcecode.swift; path = ThreeViewController.swift; sourceTree = "<group>"; };
		7A194FC028804C4C00A5BF77 /* 1.jpeg */ = {isa = PBXFileReference; lastKnownFileType = image.jpeg; path = 1.jpeg; sourceTree = "<group>"; };
		7A194FC128804C4C00A5BF77 /* 3.jpeg */ = {isa = PBXFileReference; lastKnownFileType = image.jpeg; path = 3.jpeg; sourceTree = "<group>"; };
		7A194FC228804C4C00A5BF77 /* 2.jpeg */ = {isa = PBXFileReference; lastKnownFileType = image.jpeg; path = 2.jpeg; sourceTree = "<group>"; };
		7A6D2FC8287ECB3300D0F155 /* UIKit2.app */ = {isa = PBXFileReference; explicitFileType = wrapper.application; includeInIndex = 0; path = UIKit2.app; sourceTree = BUILT_PRODUCTS_DIR; };
		7A6D2FCB287ECB3300D0F155 /* AppDelegate.swift */ = {isa = PBXFileReference; lastKnownFileType = sourcecode.swift; path = AppDelegate.swift; sourceTree = "<group>"; };
		7A6D2FCD287ECB3400D0F155 /* SceneDelegate.swift */ = {isa = PBXFileReference; lastKnownFileType = sourcecode.swift; path = SceneDelegate.swift; sourceTree = "<group>"; };
		7A6D2FCF287ECB3400D0F155 /* ViewController.swift */ = {isa = PBXFileReference; lastKnownFileType = sourcecode.swift; path = ViewController.swift; sourceTree = "<group>"; };
		7A6D2FD2287ECB3400D0F155 /* Base */ = {isa = PBXFileReference; lastKnownFileType = file.storyboard; name = Base; path = Base.lproj/Main.storyboard; sourceTree = "<group>"; };
		7A6D2FD4287ECB3500D0F155 /* Assets.xcassets */ = {isa = PBXFileReference; lastKnownFileType = folder.assetcatalog; path = Assets.xcassets; sourceTree = "<group>"; };
		7A6D2FD7287ECB3500D0F155 /* Base */ = {isa = PBXFileReference; lastKnownFileType = file.storyboard; name = Base; path = Base.lproj/LaunchScreen.storyboard; sourceTree = "<group>"; };
		7A6D2FD9287ECB3500D0F155 /* Info.plist */ = {isa = PBXFileReference; lastKnownFileType = text.plist.xml; path = Info.plist; sourceTree = "<group>"; };
		7A6D2FDF287EE2CB00D0F155 /* SecondViewController.swift */ = {isa = PBXFileReference; lastKnownFileType = sourcecode.swift; path = SecondViewController.swift; sourceTree = "<group>"; };
		7A6D2FE3287F1A5700D0F155 /* gayazov.mp3 */ = {isa = PBXFileReference; lastKnownFileType = audio.mp3; path = gayazov.mp3; sourceTree = "<group>"; };
		7A94581E28814F470058CEFF /* FourViewController.swift */ = {isa = PBXFileReference; lastKnownFileType = sourcecode.swift; path = FourViewController.swift; sourceTree = "<group>"; };
		7A94582128818AA30058CEFF /* FiveViewController.swift */ = {isa = PBXFileReference; lastKnownFileType = sourcecode.swift; path = FiveViewController.swift; sourceTree = "<group>"; };
/* End PBXFileReference section */

/* Begin PBXFrameworksBuildPhase section */
		7A6D2FC5287ECB3300D0F155 /* Frameworks */ = {
			isa = PBXFrameworksBuildPhase;
			buildActionMask = 2147483647;
			files = (
			);
			runOnlyForDeploymentPostprocessing = 0;
		};
/* End PBXFrameworksBuildPhase section */

/* Begin PBXGroup section */
		7A194FC628804C6400A5BF77 /* Image for SegmentControl */ = {
			isa = PBXGroup;
			children = (
				7A194FC028804C4C00A5BF77 /* 1.jpeg */,
				7A194FC228804C4C00A5BF77 /* 2.jpeg */,
				7A194FC128804C4C00A5BF77 /* 3.jpeg */,
			);
			path = "Image for SegmentControl";
			sourceTree = "<group>";
		};
		7A6D2FBF287ECB3300D0F155 = {
			isa = PBXGroup;
			children = (
				7A6D2FCA287ECB3300D0F155 /* UIKit2 */,
				7A6D2FC9287ECB3300D0F155 /* Products */,
			);
			sourceTree = "<group>";
		};
		7A6D2FC9287ECB3300D0F155 /* Products */ = {
			isa = PBXGroup;
			children = (
				7A6D2FC8287ECB3300D0F155 /* UIKit2.app */,
			);
			name = Products;
			sourceTree = "<group>";
		};
		7A6D2FCA287ECB3300D0F155 /* UIKit2 */ = {
			isa = PBXGroup;
			children = (
				7A194FC628804C6400A5BF77 /* Image for SegmentControl */,
				7A945820288153700058CEFF /* ViewControllers */,
				7A6D2FCD287ECB3400D0F155 /* SceneDelegate.swift */,
				7A6D2FCB287ECB3300D0F155 /* AppDelegate.swift */,
				7A6D2FD1287ECB3400D0F155 /* Main.storyboard */,
				7A6D2FD4287ECB3500D0F155 /* Assets.xcassets */,
				7A6D2FD6287ECB3500D0F155 /* LaunchScreen.storyboard */,
				7A6D2FD9287ECB3500D0F155 /* Info.plist */,
				7A6D2FE3287F1A5700D0F155 /* gayazov.mp3 */,
			);
			path = UIKit2;
			sourceTree = "<group>";
		};
		7A945820288153700058CEFF /* ViewControllers */ = {
			isa = PBXGroup;
			children = (
				7A6D2FCF287ECB3400D0F155 /* ViewController.swift */,
				7A6D2FDF287EE2CB00D0F155 /* SecondViewController.swift */,
				7A194FBE288049F800A5BF77 /* ThreeViewController.swift */,
				7A94581E28814F470058CEFF /* FourViewController.swift */,
				7A94582128818AA30058CEFF /* FiveViewController.swift */,
			);
			path = ViewControllers;
			sourceTree = "<group>";
		};
/* End PBXGroup section */

/* Begin PBXNativeTarget section */
		7A6D2FC7287ECB3300D0F155 /* UIKit2 */ = {
			isa = PBXNativeTarget;
			buildConfigurationList = 7A6D2FDC287ECB3500D0F155 /* Build configuration list for PBXNativeTarget "UIKit2" */;
			buildPhases = (
				7A6D2FC4287ECB3300D0F155 /* Sources */,
				7A6D2FC5287ECB3300D0F155 /* Frameworks */,
				7A6D2FC6287ECB3300D0F155 /* Resources */,
			);
			buildRules = (
			);
			dependencies = (
			);
			name = UIKit2;
			productName = UIKit2;
			productReference = 7A6D2FC8287ECB3300D0F155 /* UIKit2.app */;
			productType = "com.apple.product-type.application";
		};
/* End PBXNativeTarget section */

/* Begin PBXProject section */
		7A6D2FC0287ECB3300D0F155 /* Project object */ = {
			isa = PBXProject;
			attributes = {
				BuildIndependentTargetsInParallel = 1;
				LastSwiftUpdateCheck = 1340;
				LastUpgradeCheck = 1340;
				TargetAttributes = {
					7A6D2FC7287ECB3300D0F155 = {
						CreatedOnToolsVersion = 13.4;
					};
				};
			};
			buildConfigurationList = 7A6D2FC3287ECB3300D0F155 /* Build configuration list for PBXProject "UIKit2" */;
			compatibilityVersion = "Xcode 13.0";
			developmentRegion = en;
			hasScannedForEncodings = 0;
			knownRegions = (
				en,
				Base,
			);
			mainGroup = 7A6D2FBF287ECB3300D0F155;
			productRefGroup = 7A6D2FC9287ECB3300D0F155 /* Products */;
			projectDirPath = "";
			projectRoot = "";
			targets = (
				7A6D2FC7287ECB3300D0F155 /* UIKit2 */,
			);
		};
/* End PBXProject section */

/* Begin PBXResourcesBuildPhase section */
		7A6D2FC6287ECB3300D0F155 /* Resources */ = {
			isa = PBXResourcesBuildPhase;
			buildActionMask = 2147483647;
			files = (
				7A194FC528804C4C00A5BF77 /* 2.jpeg in Resources */,
				7A6D2FE4287F1A5700D0F155 /* gayazov.mp3 in Resources */,
				7A6D2FD8287ECB3500D0F155 /* LaunchScreen.storyboard in Resources */,
				7A194FC328804C4C00A5BF77 /* 1.jpeg in Resources */,
				7A6D2FD5287ECB3500D0F155 /* Assets.xcassets in Resources */,
				7A194FC428804C4C00A5BF77 /* 3.jpeg in Resources */,
				7A6D2FD3287ECB3400D0F155 /* Main.storyboard in Resources */,
			);
			runOnlyForDeploymentPostprocessing = 0;
		};
/* End PBXResourcesBuildPhase section */

/* Begin PBXSourcesBuildPhase section */
		7A6D2FC4287ECB3300D0F155 /* Sources */ = {
			isa = PBXSourcesBuildPhase;
			buildActionMask = 2147483647;
			files = (
				7A94582228818AA30058CEFF /* FiveViewController.swift in Sources */,
				7A6D2FE0287EE2CB00D0F155 /* SecondViewController.swift in Sources */,
				7A6D2FD0287ECB3400D0F155 /* ViewController.swift in Sources */,
				7A94581F28814F470058CEFF /* FourViewController.swift in Sources */,
				7A6D2FCC287ECB3300D0F155 /* AppDelegate.swift in Sources */,
				7A6D2FCE287ECB3400D0F155 /* SceneDelegate.swift in Sources */,
				7A194FBF288049F800A5BF77 /* ThreeViewController.swift in Sources */,
			);
			runOnlyForDeploymentPostprocessing = 0;
		};
/* End PBXSourcesBuildPhase section */

/* Begin PBXVariantGroup section */
		7A6D2FD1287ECB3400D0F155 /* Main.storyboard */ = {
			isa = PBXVariantGroup;
			children = (
				7A6D2FD2287ECB3400D0F155 /* Base */,
			);
			name = Main.storyboard;
			sourceTree = "<group>";
		};
		7A6D2FD6287ECB3500D0F155 /* LaunchScreen.storyboard */ = {
			isa = PBXVariantGroup;
			children = (
				7A6D2FD7287ECB3500D0F155 /* Base */,
			);
			name = LaunchScreen.storyboard;
			sourceTree = "<group>";
		};
/* End PBXVariantGroup section */

/* Begin XCBuildConfiguration section */
		7A6D2FDA287ECB3500D0F155 /* Debug */ = {
			isa = XCBuildConfiguration;
			buildSettings = {
				ALWAYS_SEARCH_USER_PATHS = NO;
				CLANG_ANALYZER_NONNULL = YES;
				CLANG_ANALYZER_NUMBER_OBJECT_CONVERSION = YES_AGGRESSIVE;
				CLANG_CXX_LANGUAGE_STANDARD = "gnu++17";
				CLANG_ENABLE_MODULES = YES;
				CLANG_ENABLE_OBJC_ARC = YES;
				CLANG_ENABLE_OBJC_WEAK = YES;
				CLANG_WARN_BLOCK_CAPTURE_AUTORELEASING = YES;
				CLANG_WARN_BOOL_CONVERSION = YES;
				CLANG_WARN_COMMA = YES;
				CLANG_WARN_CONSTANT_CONVERSION = YES;
				CLANG_WARN_DEPRECATED_OBJC_IMPLEMENTATIONS = YES;
				CLANG_WARN_DIRECT_OBJC_ISA_USAGE = YES_ERROR;
				CLANG_WARN_DOCUMENTATION_COMMENTS = YES;
				CLANG_WARN_EMPTY_BODY = YES;
				CLANG_WARN_ENUM_CONVERSION = YES;
				CLANG_WARN_INFINITE_RECURSION = YES;
				CLANG_WARN_INT_CONVERSION = YES;
				CLANG_WARN_NON_LITERAL_NULL_CONVERSION = YES;
				CLANG_WARN_OBJC_IMPLICIT_RETAIN_SELF = YES;
				CLANG_WARN_OBJC_LITERAL_CONVERSION = YES;
				CLANG_WARN_OBJC_ROOT_CLASS = YES_ERROR;
				CLANG_WARN_QUOTED_INCLUDE_IN_FRAMEWORK_HEADER = YES;
				CLANG_WARN_RANGE_LOOP_ANALYSIS = YES;
				CLANG_WARN_STRICT_PROTOTYPES = YES;
				CLANG_WARN_SUSPICIOUS_MOVE = YES;
				CLANG_WARN_UNGUARDED_AVAILABILITY = YES_AGGRESSIVE;
				CLANG_WARN_UNREACHABLE_CODE = YES;
				CLANG_WARN__DUPLICATE_METHOD_MATCH = YES;
				COPY_PHASE_STRIP = NO;
				DEBUG_INFORMATION_FORMAT = dwarf;
				ENABLE_STRICT_OBJC_MSGSEND = YES;
				ENABLE_TESTABILITY = YES;
				GCC_C_LANGUAGE_STANDARD = gnu11;
				GCC_DYNAMIC_NO_PIC = NO;
				GCC_NO_COMMON_BLOCKS = YES;
				GCC_OPTIMIZATION_LEVEL = 0;
				GCC_PREPROCESSOR_DEFINITIONS = (
					"DEBUG=1",
					"$(inherited)",
				);
				GCC_WARN_64_TO_32_BIT_CONVERSION = YES;
				GCC_WARN_ABOUT_RETURN_TYPE = YES_ERROR;
				GCC_WARN_UNDECLARED_SELECTOR = YES;
				GCC_WARN_UNINITIALIZED_AUTOS = YES_AGGRESSIVE;
				GCC_WARN_UNUSED_FUNCTION = YES;
				GCC_WARN_UNUSED_VARIABLE = YES;
				IPHONEOS_DEPLOYMENT_TARGET = 15.5;
				MTL_ENABLE_DEBUG_INFO = INCLUDE_SOURCE;
				MTL_FAST_MATH = YES;
				ONLY_ACTIVE_ARCH = YES;
				SDKROOT = iphoneos;
				SWIFT_ACTIVE_COMPILATION_CONDITIONS = DEBUG;
				SWIFT_OPTIMIZATION_LEVEL = "-Onone";
			};
			name = Debug;
		};
		7A6D2FDB287ECB3500D0F155 /* Release */ = {
			isa = XCBuildConfiguration;
			buildSettings = {
				ALWAYS_SEARCH_USER_PATHS = NO;
				CLANG_ANALYZER_NONNULL = YES;
				CLANG_ANALYZER_NUMBER_OBJECT_CONVERSION = YES_AGGRESSIVE;
				CLANG_CXX_LANGUAGE_STANDARD = "gnu++17";
				CLANG_ENABLE_MODULES = YES;
				CLANG_ENABLE_OBJC_ARC = YES;
				CLANG_ENABLE_OBJC_WEAK = YES;
				CLANG_WARN_BLOCK_CAPTURE_AUTORELEASING = YES;
				CLANG_WARN_BOOL_CONVERSION = YES;
				CLANG_WARN_COMMA = YES;
				CLANG_WARN_CONSTANT_CONVERSION = YES;
				CLANG_WARN_DEPRECATED_OBJC_IMPLEMENTATIONS = YES;
				CLANG_WARN_DIRECT_OBJC_ISA_USAGE = YES_ERROR;
				CLANG_WARN_DOCUMENTATION_COMMENTS = YES;
				CLANG_WARN_EMPTY_BODY = YES;
				CLANG_WARN_ENUM_CONVERSION = YES;
				CLANG_WARN_INFINITE_RECURSION = YES;
				CLANG_WARN_INT_CONVERSION = YES;
				CLANG_WARN_NON_LITERAL_NULL_CONVERSION = YES;
				CLANG_WARN_OBJC_IMPLICIT_RETAIN_SELF = YES;
				CLANG_WARN_OBJC_LITERAL_CONVERSION = YES;
				CLANG_WARN_OBJC_ROOT_CLASS = YES_ERROR;
				CLANG_WARN_QUOTED_INCLUDE_IN_FRAMEWORK_HEADER = YES;
				CLANG_WARN_RANGE_LOOP_ANALYSIS = YES;
				CLANG_WARN_STRICT_PROTOTYPES = YES;
				CLANG_WARN_SUSPICIOUS_MOVE = YES;
				CLANG_WARN_UNGUARDED_AVAILABILITY = YES_AGGRESSIVE;
				CLANG_WARN_UNREACHABLE_CODE = YES;
				CLANG_WARN__DUPLICATE_METHOD_MATCH = YES;
				COPY_PHASE_STRIP = NO;
				DEBUG_INFORMATION_FORMAT = "dwarf-with-dsym";
				ENABLE_NS_ASSERTIONS = NO;
				ENABLE_STRICT_OBJC_MSGSEND = YES;
				GCC_C_LANGUAGE_STANDARD = gnu11;
				GCC_NO_COMMON_BLOCKS = YES;
				GCC_WARN_64_TO_32_BIT_CONVERSION = YES;
				GCC_WARN_ABOUT_RETURN_TYPE = YES_ERROR;
				GCC_WARN_UNDECLARED_SELECTOR = YES;
				GCC_WARN_UNINITIALIZED_AUTOS = YES_AGGRESSIVE;
				GCC_WARN_UNUSED_FUNCTION = YES;
				GCC_WARN_UNUSED_VARIABLE = YES;
				IPHONEOS_DEPLOYMENT_TARGET = 15.5;
				MTL_ENABLE_DEBUG_INFO = NO;
				MTL_FAST_MATH = YES;
				SDKROOT = iphoneos;
				SWIFT_COMPILATION_MODE = wholemodule;
				SWIFT_OPTIMIZATION_LEVEL = "-O";
				VALIDATE_PRODUCT = YES;
			};
			name = Release;
		};
		7A6D2FDD287ECB3500D0F155 /* Debug */ = {
			isa = XCBuildConfiguration;
			buildSettings = {
				ASSETCATALOG_COMPILER_APPICON_NAME = AppIcon;
				ASSETCATALOG_COMPILER_GLOBAL_ACCENT_COLOR_NAME = AccentColor;
				CODE_SIGN_STYLE = Automatic;
				CURRENT_PROJECT_VERSION = 1;
				DEVELOPMENT_TEAM = 3FQACA7MYJ;
				GENERATE_INFOPLIST_FILE = YES;
				INFOPLIST_FILE = UIKit2/Info.plist;
				INFOPLIST_KEY_UIApplicationSupportsIndirectInputEvents = YES;
				INFOPLIST_KEY_UILaunchStoryboardName = LaunchScreen;
				INFOPLIST_KEY_UIMainStoryboardFile = Main;
				INFOPLIST_KEY_UISupportedInterfaceOrientations_iPad = "UIInterfaceOrientationPortrait UIInterfaceOrientationPortraitUpsideDown UIInterfaceOrientationLandscapeLeft UIInterfaceOrientationLandscapeRight";
				INFOPLIST_KEY_UISupportedInterfaceOrientations_iPhone = "UIInterfaceOrientationPortrait UIInterfaceOrientationLandscapeLeft UIInterfaceOrientationLandscapeRight";
				LD_RUNPATH_SEARCH_PATHS = (
					"$(inherited)",
					"@executable_path/Frameworks",
				);
				MARKETING_VERSION = 1.0;
				PRODUCT_BUNDLE_IDENTIFIER = com.Kukharenko.Evgeniy.UIKit2;
				PRODUCT_NAME = "$(TARGET_NAME)";
				SWIFT_EMIT_LOC_STRINGS = YES;
				SWIFT_VERSION = 5.0;
				TARGETED_DEVICE_FAMILY = "1,2";
			};
			name = Debug;
		};
		7A6D2FDE287ECB3500D0F155 /* Release */ = {
			isa = XCBuildConfiguration;
			buildSettings = {
				ASSETCATALOG_COMPILER_APPICON_NAME = AppIcon;
				ASSETCATALOG_COMPILER_GLOBAL_ACCENT_COLOR_NAME = AccentColor;
				CODE_SIGN_STYLE = Automatic;
				CURRENT_PROJECT_VERSION = 1;
				DEVELOPMENT_TEAM = 3FQACA7MYJ;
				GENERATE_INFOPLIST_FILE = YES;
				INFOPLIST_FILE = UIKit2/Info.plist;
				INFOPLIST_KEY_UIApplicationSupportsIndirectInputEvents = YES;
				INFOPLIST_KEY_UILaunchStoryboardName = LaunchScreen;
				INFOPLIST_KEY_UIMainStoryboardFile = Main;
				INFOPLIST_KEY_UISupportedInterfaceOrientations_iPad = "UIInterfaceOrientationPortrait UIInterfaceOrientationPortraitUpsideDown UIInterfaceOrientationLandscapeLeft UIInterfaceOrientationLandscapeRight";
				INFOPLIST_KEY_UISupportedInterfaceOrientations_iPhone = "UIInterfaceOrientationPortrait UIInterfaceOrientationLandscapeLeft UIInterfaceOrientationLandscapeRight";
				LD_RUNPATH_SEARCH_PATHS = (
					"$(inherited)",
					"@executable_path/Frameworks",
				);
				MARKETING_VERSION = 1.0;
				PRODUCT_BUNDLE_IDENTIFIER = com.Kukharenko.Evgeniy.UIKit2;
				PRODUCT_NAME = "$(TARGET_NAME)";
				SWIFT_EMIT_LOC_STRINGS = YES;
				SWIFT_VERSION = 5.0;
				TARGETED_DEVICE_FAMILY = "1,2";
			};
			name = Release;
		};
/* End XCBuildConfiguration section */

/* Begin XCConfigurationList section */
		7A6D2FC3287ECB3300D0F155 /* Build configuration list for PBXProject "UIKit2" */ = {
			isa = XCConfigurationList;
			buildConfigurations = (
				7A6D2FDA287ECB3500D0F155 /* Debug */,
				7A6D2FDB287ECB3500D0F155 /* Release */,
			);
			defaultConfigurationIsVisible = 0;
			defaultConfigurationName = Release;
		};
		7A6D2FDC287ECB3500D0F155 /* Build configuration list for PBXNativeTarget "UIKit2" */ = {
			isa = XCConfigurationList;
			buildConfigurations = (
				7A6D2FDD287ECB3500D0F155 /* Debug */,
				7A6D2FDE287ECB3500D0F155 /* Release */,
			);
			defaultConfigurationIsVisible = 0;
			defaultConfigurationName = Release;
		};
/* End XCConfigurationList section */
	};
	rootObject = 7A6D2FC0287ECB3300D0F155 /* Project object */;
}
